// !$*UTF8*$!
{
	archiveVersion = 1;
	classes = {
	};
	objectVersion = 56;
	objects = {

/* Begin PBXBuildFile section */
		355EE1E02A5D64FF0042DF9A /* AppDelegate.swift in Sources */ = {isa = PBXBuildFile; fileRef = 355EE1DF2A5D64FF0042DF9A /* AppDelegate.swift */; };
		355EE1E22A5D64FF0042DF9A /* SceneDelegate.swift in Sources */ = {isa = PBXBuildFile; fileRef = 355EE1E12A5D64FF0042DF9A /* SceneDelegate.swift */; };
		355EE1E42A5D64FF0042DF9A /* ViewController.swift in Sources */ = {isa = PBXBuildFile; fileRef = 355EE1E32A5D64FF0042DF9A /* ViewController.swift */; };
		355EE1E72A5D64FF0042DF9A /* Main.storyboard in Resources */ = {isa = PBXBuildFile; fileRef = 355EE1E52A5D64FF0042DF9A /* Main.storyboard */; };
		355EE1E92A5D65000042DF9A /* Assets.xcassets in Resources */ = {isa = PBXBuildFile; fileRef = 355EE1E82A5D65000042DF9A /* Assets.xcassets */; };
		355EE1EC2A5D65000042DF9A /* LaunchScreen.storyboard in Resources */ = {isa = PBXBuildFile; fileRef = 355EE1EA2A5D65000042DF9A /* LaunchScreen.storyboard */; };
		355EE1F42A5D65750042DF9A /* Sounds in Resources */ = {isa = PBXBuildFile; fileRef = 355EE1F32A5D65750042DF9A /* Sounds */; };
/* End PBXBuildFile section */

/* Begin PBXFileReference section */
		355EE1DC2A5D64FF0042DF9A /* Xylophone Play.app */ = {isa = PBXFileReference; explicitFileType = wrapper.application; includeInIndex = 0; path = "Xylophone Play.app"; sourceTree = BUILT_PRODUCTS_DIR; };
		355EE1DF2A5D64FF0042DF9A /* AppDelegate.swift */ = {isa = PBXFileReference; lastKnownFileType = sourcecode.swift; path = AppDelegate.swift; sourceTree = "<group>"; };
		355EE1E12A5D64FF0042DF9A /* SceneDelegate.swift */ = {isa = PBXFileReference; lastKnownFileType = sourcecode.swift; path = SceneDelegate.swift; sourceTree = "<group>"; };
		355EE1E32A5D64FF0042DF9A /* ViewController.swift */ = {isa = PBXFileReference; lastKnownFileType = sourcecode.swift; path = ViewController.swift; sourceTree = "<group>"; };
		355EE1E62A5D64FF0042DF9A /* Base */ = {isa = PBXFileReference; lastKnownFileType = file.storyboard; name = Base; path = Base.lproj/Main.storyboard; sourceTree = "<group>"; };
		355EE1E82A5D65000042DF9A /* Assets.xcassets */ = {isa = PBXFileReference; lastKnownFileType = folder.assetcatalog; path = Assets.xcassets; sourceTree = "<group>"; };
		355EE1EB2A5D65000042DF9A /* Base */ = {isa = PBXFileReference; lastKnownFileType = file.storyboard; name = Base; path = Base.lproj/LaunchScreen.storyboard; sourceTree = "<group>"; };
		355EE1ED2A5D65000042DF9A /* Info.plist */ = {isa = PBXFileReference; lastKnownFileType = text.plist.xml; path = Info.plist; sourceTree = "<group>"; };
		355EE1F32A5D65750042DF9A /* Sounds */ = {isa = PBXFileReference; lastKnownFileType = folder; name = Sounds; path = "../../../../GitHub/cloned_Xylophone-iOS13/Xylophone/Sounds"; sourceTree = "<group>"; };
/* End PBXFileReference section */

/* Begin PBXFrameworksBuildPhase section */
		355EE1D92A5D64FF0042DF9A /* Frameworks */ = {
			isa = PBXFrameworksBuildPhase;
			buildActionMask = 2147483647;
			files = (
			);
			runOnlyForDeploymentPostprocessing = 0;
		};
/* End PBXFrameworksBuildPhase section */

/* Begin PBXGroup section */
		355EE1D32A5D64FE0042DF9A = {
			isa = PBXGroup;
			children = (
				355EE1DE2A5D64FF0042DF9A /* Xylophone Play */,
				355EE1DD2A5D64FF0042DF9A /* Products */,
			);
			sourceTree = "<group>";
		};
		355EE1DD2A5D64FF0042DF9A /* Products */ = {
			isa = PBXGroup;
			children = (
				355EE1DC2A5D64FF0042DF9A /* Xylophone Play.app */,
			);
			name = Products;
			sourceTree = "<group>";
		};
		355EE1DE2A5D64FF0042DF9A /* Xylophone Play */ = {
			isa = PBXGroup;
			children = (
				355EE1DF2A5D64FF0042DF9A /* AppDelegate.swift */,
				355EE1E12A5D64FF0042DF9A /* SceneDelegate.swift */,
				355EE1E32A5D64FF0042DF9A /* ViewController.swift */,
				355EE1E52A5D64FF0042DF9A /* Main.storyboard */,
				355EE1E82A5D65000042DF9A /* Assets.xcassets */,
				355EE1EA2A5D65000042DF9A /* LaunchScreen.storyboard */,
				355EE1ED2A5D65000042DF9A /* Info.plist */,
				355EE1F32A5D65750042DF9A /* Sounds */,
			);
			path = "Xylophone Play";
			sourceTree = "<group>";
		};
/* End PBXGroup section */

/* Begin PBXNativeTarget section */
		355EE1DB2A5D64FF0042DF9A /* Xylophone Play */ = {
			isa = PBXNativeTarget;
			buildConfigurationList = 355EE1F02A5D65000042DF9A /* Build configuration list for PBXNativeTarget "Xylophone Play" */;
			buildPhases = (
				355EE1D82A5D64FF0042DF9A /* Sources */,
				355EE1D92A5D64FF0042DF9A /* Frameworks */,
				355EE1DA2A5D64FF0042DF9A /* Resources */,
			);
			buildRules = (
			);
			dependencies = (
			);
			name = "Xylophone Play";
			productName = "Xylophone Play";
			productReference = 355EE1DC2A5D64FF0042DF9A /* Xylophone Play.app */;
			productType = "com.apple.product-type.application";
		};
/* End PBXNativeTarget section */

/* Begin PBXProject section */
		355EE1D42A5D64FE0042DF9A /* Project object */ = {
			isa = PBXProject;
			attributes = {
				BuildIndependentTargetsInParallel = 1;
				LastSwiftUpdateCheck = 1430;
				LastUpgradeCheck = 1430;
				TargetAttributes = {
					355EE1DB2A5D64FF0042DF9A = {
						CreatedOnToolsVersion = 14.3.1;
					};
				};
			};
			buildConfigurationList = 355EE1D72A5D64FE0042DF9A /* Build configuration list for PBXProject "Xylophone Play" */;
			compatibilityVersion = "Xcode 14.0";
			developmentRegion = en;
			hasScannedForEncodings = 0;
			knownRegions = (
				en,
				Base,
			);
			mainGroup = 355EE1D32A5D64FE0042DF9A;
			productRefGroup = 355EE1DD2A5D64FF0042DF9A /* Products */;
			projectDirPath = "";
			projectRoot = "";
			targets = (
				355EE1DB2A5D64FF0042DF9A /* Xylophone Play */,
			);
		};
/* End PBXProject section */

/* Begin PBXResourcesBuildPhase section */
		355EE1DA2A5D64FF0042DF9A /* Resources */ = {
			isa = PBXResourcesBuildPhase;
			buildActionMask = 2147483647;
			files = (
				355EE1EC2A5D65000042DF9A /* LaunchScreen.storyboard in Resources */,
				355EE1E92A5D65000042DF9A /* Assets.xcassets in Resources */,
				355EE1F42A5D65750042DF9A /* Sounds in Resources */,
				355EE1E72A5D64FF0042DF9A /* Main.storyboard in Resources */,
			);
			runOnlyForDeploymentPostprocessing = 0;
		};
/* End PBXResourcesBuildPhase section */

/* Begin PBXSourcesBuildPhase section */
		355EE1D82A5D64FF0042DF9A /* Sources */ = {
			isa = PBXSourcesBuildPhase;
			buildActionMask = 2147483647;
			files = (
				355EE1E42A5D64FF0042DF9A /* ViewController.swift in Sources */,
				355EE1E02A5D64FF0042DF9A /* AppDelegate.swift in Sources */,
				355EE1E22A5D64FF0042DF9A /* SceneDelegate.swift in Sources */,
			);
			runOnlyForDeploymentPostprocessing = 0;
		};
/* End PBXSourcesBuildPhase section */

/* Begin PBXVariantGroup section */
		355EE1E52A5D64FF0042DF9A /* Main.storyboard */ = {
			isa = PBXVariantGroup;
			children = (
				355EE1E62A5D64FF0042DF9A /* Base */,
			);
			name = Main.storyboard;
			sourceTree = "<group>";
		};
		355EE1EA2A5D65000042DF9A /* LaunchScreen.storyboard */ = {
			isa = PBXVariantGroup;
			children = (
				355EE1EB2A5D65000042DF9A /* Base */,
			);
			name = LaunchScreen.storyboard;
			sourceTree = "<group>";
		};
/* End PBXVariantGroup section */

/* Begin XCBuildConfiguration section */
		355EE1EE2A5D65000042DF9A /* Debug */ = {
			isa = XCBuildConfiguration;
			buildSettings = {
				ALWAYS_SEARCH_USER_PATHS = NO;
				CLANG_ANALYZER_NONNULL = YES;
				CLANG_ANALYZER_NUMBER_OBJECT_CONVERSION = YES_AGGRESSIVE;
				CLANG_CXX_LANGUAGE_STANDARD = "gnu++20";
				CLANG_ENABLE_MODULES = YES;
				CLANG_ENABLE_OBJC_ARC = YES;
				CLANG_ENABLE_OBJC_WEAK = YES;
				CLANG_WARN_BLOCK_CAPTURE_AUTORELEASING = YES;
				CLANG_WARN_BOOL_CONVERSION = YES;
				CLANG_WARN_COMMA = YES;
				CLANG_WARN_CONSTANT_CONVERSION = YES;
				CLANG_WARN_DEPRECATED_OBJC_IMPLEMENTATIONS = YES;
				CLANG_WARN_DIRECT_OBJC_ISA_USAGE = YES_ERROR;
				CLANG_WARN_DOCUMENTATION_COMMENTS = YES;
				CLANG_WARN_EMPTY_BODY = YES;
				CLANG_WARN_ENUM_CONVERSION = YES;
				CLANG_WARN_INFINITE_RECURSION = YES;
				CLANG_WARN_INT_CONVERSION = YES;
				CLANG_WARN_NON_LITERAL_NULL_CONVERSION = YES;
				CLANG_WARN_OBJC_IMPLICIT_RETAIN_SELF = YES;
				CLANG_WARN_OBJC_LITERAL_CONVERSION = YES;
				CLANG_WARN_OBJC_ROOT_CLASS = YES_ERROR;
				CLANG_WARN_QUOTED_INCLUDE_IN_FRAMEWORK_HEADER = YES;
				CLANG_WARN_RANGE_LOOP_ANALYSIS = YES;
				CLANG_WARN_STRICT_PROTOTYPES = YES;
				CLANG_WARN_SUSPICIOUS_MOVE = YES;
				CLANG_WARN_UNGUARDED_AVAILABILITY = YES_AGGRESSIVE;
				CLANG_WARN_UNREACHABLE_CODE = YES;
				CLANG_WARN__DUPLICATE_METHOD_MATCH = YES;
				COPY_PHASE_STRIP = NO;
				DEBUG_INFORMATION_FORMAT = dwarf;
				ENABLE_STRICT_OBJC_MSGSEND = YES;
				ENABLE_TESTABILITY = YES;
				GCC_C_LANGUAGE_STANDARD = gnu11;
				GCC_DYNAMIC_NO_PIC = NO;
				GCC_NO_COMMON_BLOCKS = YES;
				GCC_OPTIMIZATION_LEVEL = 0;
				GCC_PREPROCESSOR_DEFINITIONS = (
					"DEBUG=1",
					"$(inherited)",
				);
				GCC_WARN_64_TO_32_BIT_CONVERSION = YES;
				GCC_WARN_ABOUT_RETURN_TYPE = YES_ERROR;
				GCC_WARN_UNDECLARED_SELECTOR = YES;
				GCC_WARN_UNINITIALIZED_AUTOS = YES_AGGRESSIVE;
				GCC_WARN_UNUSED_FUNCTION = YES;
				GCC_WARN_UNUSED_VARIABLE = YES;
				IPHONEOS_DEPLOYMENT_TARGET = 16.4;
				MTL_ENABLE_DEBUG_INFO = INCLUDE_SOURCE;
				MTL_FAST_MATH = YES;
				ONLY_ACTIVE_ARCH = YES;
				SDKROOT = iphoneos;
				SWIFT_ACTIVE_COMPILATION_CONDITIONS = DEBUG;
				SWIFT_OPTIMIZATION_LEVEL = "-Onone";
			};
			name = Debug;
		};
		355EE1EF2A5D65000042DF9A /* Release */ = {
			isa = XCBuildConfiguration;
			buildSettings = {
				ALWAYS_SEARCH_USER_PATHS = NO;
				CLANG_ANALYZER_NONNULL = YES;
				CLANG_ANALYZER_NUMBER_OBJECT_CONVERSION = YES_AGGRESSIVE;
				CLANG_CXX_LANGUAGE_STANDARD = "gnu++20";
				CLANG_ENABLE_MODULES = YES;
				CLANG_ENABLE_OBJC_ARC = YES;
				CLANG_ENABLE_OBJC_WEAK = YES;
				CLANG_WARN_BLOCK_CAPTURE_AUTORELEASING = YES;
				CLANG_WARN_BOOL_CONVERSION = YES;
				CLANG_WARN_COMMA = YES;
				CLANG_WARN_CONSTANT_CONVERSION = YES;
				CLANG_WARN_DEPRECATED_OBJC_IMPLEMENTATIONS = YES;
				CLANG_WARN_DIRECT_OBJC_ISA_USAGE = YES_ERROR;
				CLANG_WARN_DOCUMENTATION_COMMENTS = YES;
				CLANG_WARN_EMPTY_BODY = YES;
				CLANG_WARN_ENUM_CONVERSION = YES;
				CLANG_WARN_INFINITE_RECURSION = YES;
				CLANG_WARN_INT_CONVERSION = YES;
				CLANG_WARN_NON_LITERAL_NULL_CONVERSION = YES;
				CLANG_WARN_OBJC_IMPLICIT_RETAIN_SELF = YES;
				CLANG_WARN_OBJC_LITERAL_CONVERSION = YES;
				CLANG_WARN_OBJC_ROOT_CLASS = YES_ERROR;
				CLANG_WARN_QUOTED_INCLUDE_IN_FRAMEWORK_HEADER = YES;
				CLANG_WARN_RANGE_LOOP_ANALYSIS = YES;
				CLANG_WARN_STRICT_PROTOTYPES = YES;
				CLANG_WARN_SUSPICIOUS_MOVE = YES;
				CLANG_WARN_UNGUARDED_AVAILABILITY = YES_AGGRESSIVE;
				CLANG_WARN_UNREACHABLE_CODE = YES;
				CLANG_WARN__DUPLICATE_METHOD_MATCH = YES;
				COPY_PHASE_STRIP = NO;
				DEBUG_INFORMATION_FORMAT = "dwarf-with-dsym";
				ENABLE_NS_ASSERTIONS = NO;
				ENABLE_STRICT_OBJC_MSGSEND = YES;
				GCC_C_LANGUAGE_STANDARD = gnu11;
				GCC_NO_COMMON_BLOCKS = YES;
				GCC_WARN_64_TO_32_BIT_CONVERSION = YES;
				GCC_WARN_ABOUT_RETURN_TYPE = YES_ERROR;
				GCC_WARN_UNDECLARED_SELECTOR = YES;
				GCC_WARN_UNINITIALIZED_AUTOS = YES_AGGRESSIVE;
				GCC_WARN_UNUSED_FUNCTION = YES;
				GCC_WARN_UNUSED_VARIABLE = YES;
				IPHONEOS_DEPLOYMENT_TARGET = 16.4;
				MTL_ENABLE_DEBUG_INFO = NO;
				MTL_FAST_MATH = YES;
				SDKROOT = iphoneos;
				SWIFT_COMPILATION_MODE = wholemodule;
				SWIFT_OPTIMIZATION_LEVEL = "-O";
				VALIDATE_PRODUCT = YES;
			};
			name = Release;
		};
		355EE1F12A5D65000042DF9A /* Debug */ = {
			isa = XCBuildConfiguration;
			buildSettings = {
				ASSETCATALOG_COMPILER_APPICON_NAME = AppIcon;
				ASSETCATALOG_COMPILER_GLOBAL_ACCENT_COLOR_NAME = AccentColor;
				CODE_SIGN_STYLE = Automatic;
				CURRENT_PROJECT_VERSION = 1;
				DEVELOPMENT_TEAM = HL7V8WXJ4W;
				GENERATE_INFOPLIST_FILE = YES;
				INFOPLIST_FILE = "Xylophone Play/Info.plist";
				INFOPLIST_KEY_UIApplicationSupportsIndirectInputEvents = YES;
				INFOPLIST_KEY_UILaunchStoryboardName = LaunchScreen;
				INFOPLIST_KEY_UIMainStoryboardFile = Main;
				INFOPLIST_KEY_UISupportedInterfaceOrientations_iPad = "UIInterfaceOrientationPortrait UIInterfaceOrientationPortraitUpsideDown UIInterfaceOrientationLandscapeLeft UIInterfaceOrientationLandscapeRight";
				INFOPLIST_KEY_UISupportedInterfaceOrientations_iPhone = "UIInterfaceOrientationPortrait UIInterfaceOrientationLandscapeLeft UIInterfaceOrientationLandscapeRight";
				LD_RUNPATH_SEARCH_PATHS = (
					"$(inherited)",
					"@executable_path/Frameworks",
				);
				MARKETING_VERSION = 1.0;
				PRODUCT_BUNDLE_IDENTIFIER = "co.jp.PNL.Xylophone-Play";
				PRODUCT_NAME = "$(TARGET_NAME)";
				SWIFT_EMIT_LOC_STRINGS = YES;
				SWIFT_VERSION = 5.0;
				TARGETED_DEVICE_FAMILY = "1,2";
			};
			name = Debug;
		};
		355EE1F22A5D65000042DF9A /* Release */ = {
			isa = XCBuildConfiguration;
			buildSettings = {
				ASSETCATALOG_COMPILER_APPICON_NAME = AppIcon;
				ASSETCATALOG_COMPILER_GLOBAL_ACCENT_COLOR_NAME = AccentColor;
				CODE_SIGN_STYLE = Automatic;
				CURRENT_PROJECT_VERSION = 1;
				DEVELOPMENT_TEAM = HL7V8WXJ4W;
				GENERATE_INFOPLIST_FILE = YES;
				INFOPLIST_FILE = "Xylophone Play/Info.plist";
				INFOPLIST_KEY_UIApplicationSupportsIndirectInputEvents = YES;
				INFOPLIST_KEY_UILaunchStoryboardName = LaunchScreen;
				INFOPLIST_KEY_UIMainStoryboardFile = Main;
				INFOPLIST_KEY_UISupportedInterfaceOrientations_iPad = "UIInterfaceOrientationPortrait UIInterfaceOrientationPortraitUpsideDown UIInterfaceOrientationLandscapeLeft UIInterfaceOrientationLandscapeRight";
				INFOPLIST_KEY_UISupportedInterfaceOrientations_iPhone = "UIInterfaceOrientationPortrait UIInterfaceOrientationLandscapeLeft UIInterfaceOrientationLandscapeRight";
				LD_RUNPATH_SEARCH_PATHS = (
					"$(inherited)",
					"@executable_path/Frameworks",
				);
				MARKETING_VERSION = 1.0;
				PRODUCT_BUNDLE_IDENTIFIER = "co.jp.PNL.Xylophone-Play";
				PRODUCT_NAME = "$(TARGET_NAME)";
				SWIFT_EMIT_LOC_STRINGS = YES;
				SWIFT_VERSION = 5.0;
				TARGETED_DEVICE_FAMILY = "1,2";
			};
			name = Release;
		};
/* End XCBuildConfiguration section */

/* Begin XCConfigurationList section */
		355EE1D72A5D64FE0042DF9A /* Build configuration list for PBXProject "Xylophone Play" */ = {
			isa = XCConfigurationList;
			buildConfigurations = (
				355EE1EE2A5D65000042DF9A /* Debug */,
				355EE1EF2A5D65000042DF9A /* Release */,
			);
			defaultConfigurationIsVisible = 0;
			defaultConfigurationName = Release;
		};
		355EE1F02A5D65000042DF9A /* Build configuration list for PBXNativeTarget "Xylophone Play" */ = {
			isa = XCConfigurationList;
			buildConfigurations = (
				355EE1F12A5D65000042DF9A /* Debug */,
				355EE1F22A5D65000042DF9A /* Release */,
			);
			defaultConfigurationIsVisible = 0;
			defaultConfigurationName = Release;
		};
/* End XCConfigurationList section */
	};
	rootObject = 355EE1D42A5D64FE0042DF9A /* Project object */;
}
